
Microsoft Visual Studio Solution File, Format Version 12.00
# Visual Studio Version 17
VisualStudioVersion = 17.14.36127.28
MinimumVisualStudioVersion = 10.0.40219.1
Project("{FAE04EC0-301F-11D3-BF4B-00C04F79EFBC}") = "AV.FinTS.Raw", "AV.FinTS.Raw\AV.FinTS.Raw.csproj", "{2F8999B2-6EA1-49C2-80ED-BD101D71C1E7}"
EndProject
Project("{FAE04EC0-301F-11D3-BF4B-00C04F79EFBC}") = "AV.FinTS", "AV.FinTS\AV.FinTS.csproj", "{427230F8-C77C-4A4A-A678-16ADC74C55E4}"
EndProject
Global
	GlobalSection(SolutionConfigurationPlatforms) = preSolution
		Debug|Any CPU = Debug|Any CPU
		Release|Any CPU = Release|Any CPU
	EndGlobalSection
	GlobalSection(ProjectConfigurationPlatforms) = postSolution
		{2F8999B2-6EA1-49C2-80ED-BD101D71C1E7}.Debug|Any CPU.ActiveCfg = Debug|Any CPU
		{2F8999B2-6EA1-49C2-80ED-BD101D71C1E7}.Debug|Any CPU.Build.0 = Debug|Any CPU
		{2F8999B2-6EA1-49C2-80ED-BD101D71C1E7}.Release|Any CPU.ActiveCfg = Release|Any CPU
		{2F8999B2-6EA1-49C2-80ED-BD101D71C1E7}.Release|Any CPU.Build.0 = Release|Any CPU
		{427230F8-C77C-4A4A-A678-16ADC74C55E4}.Debug|Any CPU.ActiveCfg = Debug|Any CPU
		{427230F8-C77C-4A4A-A678-16ADC74C55E4}.Debug|Any CPU.Build.0 = Debug|Any CPU
		{427230F8-C77C-4A4A-A678-16ADC74C55E4}.Release|Any CPU.ActiveCfg = Release|Any CPU
		{427230F8-C77C-4A4A-A678-16ADC74C55E4}.Release|Any CPU.Build.0 = Release|Any CPU
	EndGlobalSection
	GlobalSection(SolutionProperties) = preSolution
		HideSolutionNode = FALSE
	EndGlobalSection
	GlobalSection(ExtensibilityGlobals) = postSolution
		SolutionGuid = {73D16A43-E32E-439F-813E-0DB0619CB90E}
	EndGlobalSection
EndGlobal
